
Microsoft Visual Studio Solution File, Format Version 12.00
# Visual Studio Version 17
VisualStudioVersion = 17.13.35931.197 d17.13
MinimumVisualStudioVersion = 10.0.40219.1
Project("{FAE04EC0-301F-11D3-BF4B-00C04F79EFBC}") = "Teste_01", "Teste_01\Teste_01.csproj", "{925EAE76-67E3-4D26-9591-8005C133E9FC}"
EndProject
Global
	GlobalSection(SolutionConfigurationPlatforms) = preSolution
		Debug|Any CPU = Debug|Any CPU
		Release|Any CPU = Release|Any CPU
	EndGlobalSection
	GlobalSection(ProjectConfigurationPlatforms) = postSolution
		{925EAE76-67E3-4D26-9591-8005C133E9FC}.Debug|Any CPU.ActiveCfg = Debug|Any CPU
		{925EAE76-67E3-4D26-9591-8005C133E9FC}.Debug|Any CPU.Build.0 = Debug|Any CPU
		{925EAE76-67E3-4D26-9591-8005C133E9FC}.Release|Any CPU.ActiveCfg = Release|Any CPU
		{925EAE76-67E3-4D26-9591-8005C133E9FC}.Release|Any CPU.Build.0 = Release|Any CPU
	EndGlobalSection
	GlobalSection(SolutionProperties) = preSolution
		HideSolutionNode = FALSE
	EndGlobalSection
	GlobalSection(ExtensibilityGlobals) = postSolution
		SolutionGuid = {41E04CB7-61AB-4BB3-B687-CC0D7877472A}
	EndGlobalSection
EndGlobal
